
Microsoft Visual Studio Solution File, Format Version 12.00
Project("{FAE04EC0-301F-11D3-BF4B-00C04F79EFBC}") = "ETor", "ETor\ETor.csproj", "{12073865-1D91-435A-99A5-081989E2AC47}"
EndProject
Project("{FAE04EC0-301F-11D3-BF4B-00C04F79EFBC}") = "Open.Nat", "Open.NAT\Open.Nat\Open.Nat.csproj", "{24F1546D-22BD-41B8-A1E7-575E604D52BB}"
EndProject
Global
	GlobalSection(SolutionConfigurationPlatforms) = preSolution
		Debug|Any CPU = Debug|Any CPU
		Release|Any CPU = Release|Any CPU
	EndGlobalSection
	GlobalSection(ProjectConfigurationPlatforms) = postSolution
		{12073865-1D91-435A-99A5-081989E2AC47}.Debug|Any CPU.ActiveCfg = Debug|Any CPU
		{12073865-1D91-435A-99A5-081989E2AC47}.Debug|Any CPU.Build.0 = Debug|Any CPU
		{12073865-1D91-435A-99A5-081989E2AC47}.Release|Any CPU.ActiveCfg = Release|Any CPU
		{12073865-1D91-435A-99A5-081989E2AC47}.Release|Any CPU.Build.0 = Release|Any CPU
		{24F1546D-22BD-41B8-A1E7-575E604D52BB}.Debug|Any CPU.ActiveCfg = Debug|Any CPU
		{24F1546D-22BD-41B8-A1E7-575E604D52BB}.Debug|Any CPU.Build.0 = Debug|Any CPU
		{24F1546D-22BD-41B8-A1E7-575E604D52BB}.Release|Any CPU.ActiveCfg = Release|Any CPU
		{24F1546D-22BD-41B8-A1E7-575E604D52BB}.Release|Any CPU.Build.0 = Release|Any CPU
	EndGlobalSection
EndGlobal
